Microsoft Visual Studio Solution File, Format Version 12.00
# Visual Studio Version 17
VisualStudioVersion = 17.0.31903.59
MinimumVisualStudioVersion = 10.0.40219.1
Project("{FAE04EC0-301F-11D3-BF4B-00C04F79EFBC}") = "FACM.App", "src\FACM.App\FACM.App.csproj", "{BE7778A7-D174-4D5C-9B3B-C6D40A5F9A2E}"
EndProject
Global
	GlobalSection(SolutionConfigurationPlatforms) = preSolution
		Debug|Any CPU = Debug|Any CPU
		Release|Any CPU = Release|Any CPU
	EndGlobalSection
	GlobalSection(ProjectConfigurationPlatforms) = postSolution
		{BE7778A7-D174-4D5C-9B3B-C6D40A5F9A2E}.Debug|Any CPU.ActiveCfg = Debug|Any CPU
		{BE7778A7-D174-4D5C-9B3B-C6D40A5F9A2E}.Debug|Any CPU.Build.0 = Debug|Any CPU
		{BE7778A7-D174-4D5C-9B3B-C6D40A5F9A2E}.Release|Any CPU.ActiveCfg = Release|Any CPU
		{BE7778A7-D174-4D5C-9B3B-C6D40A5F9A2E}.Release|Any CPU.Build.0 = Release|Any CPU
	EndGlobalSection
EndGlobal
