Microsoft Visual Studio Solution File, Format Version 12.00
# Visual Studio Version 17
VisualStudioVersion = 17.0.31903.59
MinimumVisualStudioVersion = 10.0.40219.1
Project("{FAE04EC0-301F-11D3-BF4B-00C04F79EFBC}") = "FACM", "src\FACM\FACM.csproj", "{9E0AFD05-17E7-4C6A-A8D3-09D45C8D8EC7}"
EndProject
Project("{FAE04EC0-301F-11D3-BF4B-00C04F79EFBC}") = "FACM.ToolBundle", "src\FACM.ToolBundle\FACM.ToolBundle.csproj", "{B2D2C3F0-8E42-4A7A-B0C2-6D6A0EE06E13}"
EndProject
Project("{FAE04EC0-301F-11D3-BF4B-00C04F79EFBC}") = "FACM.PetHost", "src\FACM.PetHost\FACM.PetHost.csproj", "{61C11E6A-3F06-4D96-92F4-5E6E6B9578E1}"
EndProject
Project("{FAE04EC0-301F-11D3-BF4B-00C04F79EFBC}") = "FACM.Updater", "src\FACM.Updater\FACM.Updater.csproj", "{B11D01B2-3E04-4A0C-88A3-6A8959097A55}"
EndProject
Global
    GlobalSection(SolutionConfigurationPlatforms) = preSolution
        Debug|Any CPU = Debug|Any CPU
        Release|Any CPU = Release|Any CPU
    EndGlobalSection
    GlobalSection(ProjectConfigurationPlatforms) = postSolution
        {9E0AFD05-17E7-4C6A-A8D3-09D45C8D8EC7}.Debug|Any CPU.ActiveCfg = Debug|Any CPU
        {9E0AFD05-17E7-4C6A-A8D3-09D45C8D8EC7}.Debug|Any CPU.Build.0 = Debug|Any CPU
        {9E0AFD05-17E7-4C6A-A8D3-09D45C8D8EC7}.Release|Any CPU.ActiveCfg = Release|Any CPU
        {9E0AFD05-17E7-4C6A-A8D3-09D45C8D8EC7}.Release|Any CPU.Build.0 = Release|Any CPU
        {B2D2C3F0-8E42-4A7A-B0C2-6D6A0EE06E13}.Debug|Any CPU.ActiveCfg = Debug|Any CPU
        {B2D2C3F0-8E42-4A7A-B0C2-6D6A0EE06E13}.Debug|Any CPU.Build.0 = Debug|Any CPU
        {B2D2C3F0-8E42-4A7A-B0C2-6D6A0EE06E13}.Release|Any CPU.ActiveCfg = Release|Any CPU
        {B2D2C3F0-8E42-4A7A-B0C2-6D6A0EE06E13}.Release|Any CPU.Build.0 = Release|Any CPU
        {61C11E6A-3F06-4D96-92F4-5E6E6B9578E1}.Debug|Any CPU.ActiveCfg = Debug|Any CPU
        {61C11E6A-3F06-4D96-92F4-5E6E6B9578E1}.Debug|Any CPU.Build.0 = Debug|Any CPU
        {61C11E6A-3F06-4D96-92F4-5E6E6B9578E1}.Release|Any CPU.ActiveCfg = Release|Any CPU
        {61C11E6A-3F06-4D96-92F4-5E6E6B9578E1}.Release|Any CPU.Build.0 = Release|Any CPU
        {B11D01B2-3E04-4A0C-88A3-6A8959097A55}.Debug|Any CPU.ActiveCfg = Debug|Any CPU
        {B11D01B2-3E04-4A0C-88A3-6A8959097A55}.Debug|Any CPU.Build.0 = Debug|Any CPU
        {B11D01B2-3E04-4A0C-88A3-6A8959097A55}.Release|Any CPU.ActiveCfg = Release|Any CPU
        {B11D01B2-3E04-4A0C-88A3-6A8959097A55}.Release|Any CPU.Build.0 = Release|Any CPU
    EndGlobalSection
EndGlobal
